
Microsoft Visual Studio Solution File, Format Version 12.00
# Visual Studio Version 17
VisualStudioVersion = 17.4.33015.44
MinimumVisualStudioVersion = 10.0.40219.1
Project("{FAE04EC0-301F-11D3-BF4B-00C04F79EFBC}") = "MongoFarmersMercato", "MongoFarmersMercato\MongoFarmersMercato.csproj", "{7747C7F1-CD01-4934-A885-44B8D3CA0B1F}"
EndProject
Global
	GlobalSection(SolutionConfigurationPlatforms) = preSolution
		Debug|Any CPU = Debug|Any CPU
		Release|Any CPU = Release|Any CPU
	EndGlobalSection
	GlobalSection(ProjectConfigurationPlatforms) = postSolution
		{7747C7F1-CD01-4934-A885-44B8D3CA0B1F}.Debug|Any CPU.ActiveCfg = Debug|Any CPU
		{7747C7F1-CD01-4934-A885-44B8D3CA0B1F}.Debug|Any CPU.Build.0 = Debug|Any CPU
		{7747C7F1-CD01-4934-A885-44B8D3CA0B1F}.Release|Any CPU.ActiveCfg = Release|Any CPU
		{7747C7F1-CD01-4934-A885-44B8D3CA0B1F}.Release|Any CPU.Build.0 = Release|Any CPU
	EndGlobalSection
	GlobalSection(SolutionProperties) = preSolution
		HideSolutionNode = FALSE
	EndGlobalSection
	GlobalSection(ExtensibilityGlobals) = postSolution
		SolutionGuid = {AE8BA8B9-6DB3-47B8-8AC9-8998155B5B22}
	EndGlobalSection
EndGlobal
